{
  "name": "small-vue",
  "version": "1.0.0",
  "lockfileVersion": 2,
  "requires": true,
  "packages": {
    "": {
      "version": "1.0.0",
      "license": "ISC",
      "dependencies": {
        "@vue/reactivity": "^3.2.7"
      }
    },
    "node_modules/@vue/reactivity": {
      "version": "3.2.7",
      "resolved": "https://registry.npmjs.org/@vue/reactivity/-/reactivity-3.2.7.tgz",
      "integrity": "sha512-VDeQiZs6s5m1W7hIX+vzmokDCHPEKNYrSxoHWXj4MiGamcT5XZxACj/VXOCK9c6qz36qK5EQOfDWtmVhxfI2hQ==",
      "dependencies": {
        "@vue/shared": "3.2.7"
      }
    },
    "node_modules/@vue/shared": {
      "version": "3.2.7",
      "resolved": "https://registry.npmjs.org/@vue/shared/-/shared-3.2.7.tgz",
      "integrity": "sha512-YwGOcNZjOY/MmadpzFBXWyHEwZSf0lVU4XF5zpD7tXC9dmqjdo38Jkk06wATu4LYHDPW4emXKMB5YLFPWPkwFA=="
    }
  },
  "dependencies": {
    "@vue/reactivity": {
      "version": "3.2.7",
      "resolved": "https://registry.npmjs.org/@vue/reactivity/-/reactivity-3.2.7.tgz",
      "integrity": "sha512-VDeQiZs6s5m1W7hIX+vzmokDCHPEKNYrSxoHWXj4MiGamcT5XZxACj/VXOCK9c6qz36qK5EQOfDWtmVhxfI2hQ==",
      "requires": {
        "@vue/shared": "3.2.7"
      }
    },
    "@vue/shared": {
      "version": "3.2.7",
      "resolved": "https://registry.npmjs.org/@vue/shared/-/shared-3.2.7.tgz",
      "integrity": "sha512-YwGOcNZjOY/MmadpzFBXWyHEwZSf0lVU4XF5zpD7tXC9dmqjdo38Jkk06wATu4LYHDPW4emXKMB5YLFPWPkwFA=="
    }
  }
}
